<?xml version="1.0" encoding="utf-8"?>
<Project ToolsVersion="4.0" xmlns="http://schemas.microsoft.com/developer/msbuild/2003">
  <ItemGroup>
    <Filter Include="Исходные файлы">
      <UniqueIdentifier>{4FC737F1-C7A5-4376-A066-2A32D752A2FF}</UniqueIdentifier>
      <Extensions>cpp;c;cc;cxx;c++;cppm;ixx;def;odl;idl;hpj;bat;asm;asmx</Extensions>
    </Filter>
    <Filter Include="Файлы заголовков">
      <UniqueIdentifier>{93995380-89BD-4b04-88EB-625FBE52EBFB}</UniqueIdentifier>
      <Extensions>h;hh;hpp;hxx;h++;hm;inl;inc;ipp;xsd</Extensions>
    </Filter>
    <Filter Include="Файлы ресурсов">
      <UniqueIdentifier>{67DA6AB6-F800-4c08-8B7A-83BB121AAD01}</UniqueIdentifier>
      <Extensions>rc;ico;cur;bmp;dlg;rc2;rct;bin;rgs;gif;jpg;jpeg;jpe;resx;tiff;tif;png;wav;mfcribbon-ms</Extensions>
    </Filter>
    <Filter Include="Исходные файлы\ui">
      <UniqueIdentifier>{51ef1031-ccfe-48e1-88cf-8829ce6e62d3}</UniqueIdentifier>
    </Filter>
    <Filter Include="Исходные файлы\model">
      <UniqueIdentifier>{b62e4f07-23c8-4a2d-b7c5-17d94006a7a8}</UniqueIdentifier>
    </Filter>
    <Filter Include="Исходные файлы\test">
      <UniqueIdentifier>{41dc311d-741a-4e42-9ad4-29f3db6017cd}</UniqueIdentifier>
    </Filter>
    <Filter Include="Исходные файлы\sort-select">
      <UniqueIdentifier>{d0cad4ee-052e-4a04-a43f-a2f0763ca08a}</UniqueIdentifier>
    </Filter>
  </ItemGroup>
  <ItemGroup>
    <ClInclude Include="Client.h">
      <Filter>Файлы заголовков</Filter>
    </ClInclude>
    <ClInclude Include="ui.h">
      <Filter>Файлы заголовков</Filter>
    </ClInclude>
    <ClInclude Include="test.h">
      <Filter>Файлы заголовков</Filter>
    </ClInclude>
    <ClInclude Include="sortSelection.h">
      <Filter>Файлы заголовков</Filter>
    </ClInclude>
  </ItemGroup>
  <ItemGroup>
    <ClCompile Include="main.cpp">
      <Filter>Исходные файлы</Filter>
    </ClCompile>
    <ClCompile Include="creader.cpp">
      <Filter>Исходные файлы\ui</Filter>
    </ClCompile>
    <ClCompile Include="freader.cpp">
      <Filter>Исходные файлы\ui</Filter>
    </ClCompile>
    <ClCompile Include="informing.cpp">
      <Filter>Исходные файлы\ui</Filter>
    </ClCompile>
    <ClCompile Include="corect.cpp">
      <Filter>Исходные файлы\ui</Filter>
    </ClCompile>
    <ClCompile Include="Client.cpp">
      <Filter>Исходные файлы\model</Filter>
    </ClCompile>
    <ClCompile Include="test.cpp">
      <Filter>Исходные файлы\test</Filter>
    </ClCompile>
    <ClCompile Include="sorting.cpp">
      <Filter>Исходные файлы\sort-select</Filter>
    </ClCompile>
    <ClCompile Include="selection.cpp">
      <Filter>Исходные файлы\sort-select</Filter>
    </ClCompile>
  </ItemGroup>
</Project>